
Microsoft Visual Studio Solution File, Format Version 12.00
# Visual Studio Version 17
VisualStudioVersion = 17.12.35514.174 d17.12
MinimumVisualStudioVersion = 10.0.40219.1
Project("{FAE04EC0-301F-11D3-BF4B-00C04F79EFBC}") = "ServerFlappybirb", "ServerFlappybirb.csproj", "{7B4CD4C3-8B36-4415-9B9B-2537BC7528A8}"
EndProject
Global
	GlobalSection(SolutionConfigurationPlatforms) = preSolution
		Debug|Any CPU = Debug|Any CPU
		Release|Any CPU = Release|Any CPU
	EndGlobalSection
	GlobalSection(ProjectConfigurationPlatforms) = postSolution
		{7B4CD4C3-8B36-4415-9B9B-2537BC7528A8}.Debug|Any CPU.ActiveCfg = Debug|Any CPU
		{7B4CD4C3-8B36-4415-9B9B-2537BC7528A8}.Debug|Any CPU.Build.0 = Debug|Any CPU
		{7B4CD4C3-8B36-4415-9B9B-2537BC7528A8}.Release|Any CPU.ActiveCfg = Release|Any CPU
		{7B4CD4C3-8B36-4415-9B9B-2537BC7528A8}.Release|Any CPU.Build.0 = Release|Any CPU
	EndGlobalSection
	GlobalSection(SolutionProperties) = preSolution
		HideSolutionNode = FALSE
	EndGlobalSection
EndGlobal
